
Microsoft Visual Studio Solution File, Format Version 12.00
# Visual Studio Version 17
VisualStudioVersion = 17.3.32825.248
MinimumVisualStudioVersion = 10.0.40219.1
Project("{9A19103F-16F7-4668-BE54-9A1E7A4F7556}") = "GateWayServer", "GateWayServer.csproj", "{67202D42-262D-4C65-B753-2797A63B6BFD}"
EndProject
Project("{9A19103F-16F7-4668-BE54-9A1E7A4F7556}") = "BL", "..\BL\BL.csproj", "{EC1528AA-E00C-41F8-9A8E-700BF193F060}"
EndProject
Project("{9A19103F-16F7-4668-BE54-9A1E7A4F7556}") = "DAL", "..\DAL\DAL.csproj", "{205AC56F-4ADA-4EF4-9B58-88FBB30202E2}"
EndProject
Project("{FAE04EC0-301F-11D3-BF4B-00C04F79EFBC}") = "Usefuls", "..\Usefuls\Usefuls.csproj", "{105E4CAB-6396-4577-9FB9-4619CD7F39BB}"
EndProject
Project("{9A19103F-16F7-4668-BE54-9A1E7A4F7556}") = "DP", "..\DP\DP.csproj", "{BB607CE5-A027-4D11-89E1-18F8D6625DCA}"
EndProject
Global
	GlobalSection(SolutionConfigurationPlatforms) = preSolution
		Debug|Any CPU = Debug|Any CPU
		Release|Any CPU = Release|Any CPU
	EndGlobalSection
	GlobalSection(ProjectConfigurationPlatforms) = postSolution
		{67202D42-262D-4C65-B753-2797A63B6BFD}.Debug|Any CPU.ActiveCfg = Debug|Any CPU
		{67202D42-262D-4C65-B753-2797A63B6BFD}.Debug|Any CPU.Build.0 = Debug|Any CPU
		{67202D42-262D-4C65-B753-2797A63B6BFD}.Release|Any CPU.ActiveCfg = Release|Any CPU
		{67202D42-262D-4C65-B753-2797A63B6BFD}.Release|Any CPU.Build.0 = Release|Any CPU
		{EC1528AA-E00C-41F8-9A8E-700BF193F060}.Debug|Any CPU.ActiveCfg = Debug|Any CPU
		{EC1528AA-E00C-41F8-9A8E-700BF193F060}.Debug|Any CPU.Build.0 = Debug|Any CPU
		{EC1528AA-E00C-41F8-9A8E-700BF193F060}.Release|Any CPU.ActiveCfg = Release|Any CPU
		{EC1528AA-E00C-41F8-9A8E-700BF193F060}.Release|Any CPU.Build.0 = Release|Any CPU
		{205AC56F-4ADA-4EF4-9B58-88FBB30202E2}.Debug|Any CPU.ActiveCfg = Debug|Any CPU
		{205AC56F-4ADA-4EF4-9B58-88FBB30202E2}.Debug|Any CPU.Build.0 = Debug|Any CPU
		{205AC56F-4ADA-4EF4-9B58-88FBB30202E2}.Release|Any CPU.ActiveCfg = Release|Any CPU
		{205AC56F-4ADA-4EF4-9B58-88FBB30202E2}.Release|Any CPU.Build.0 = Release|Any CPU
		{105E4CAB-6396-4577-9FB9-4619CD7F39BB}.Debug|Any CPU.ActiveCfg = Debug|Any CPU
		{105E4CAB-6396-4577-9FB9-4619CD7F39BB}.Debug|Any CPU.Build.0 = Debug|Any CPU
		{105E4CAB-6396-4577-9FB9-4619CD7F39BB}.Release|Any CPU.ActiveCfg = Release|Any CPU
		{105E4CAB-6396-4577-9FB9-4619CD7F39BB}.Release|Any CPU.Build.0 = Release|Any CPU
		{BB607CE5-A027-4D11-89E1-18F8D6625DCA}.Debug|Any CPU.ActiveCfg = Debug|Any CPU
		{BB607CE5-A027-4D11-89E1-18F8D6625DCA}.Debug|Any CPU.Build.0 = Debug|Any CPU
		{BB607CE5-A027-4D11-89E1-18F8D6625DCA}.Release|Any CPU.ActiveCfg = Release|Any CPU
		{BB607CE5-A027-4D11-89E1-18F8D6625DCA}.Release|Any CPU.Build.0 = Release|Any CPU
	EndGlobalSection
	GlobalSection(SolutionProperties) = preSolution
		HideSolutionNode = FALSE
	EndGlobalSection
	GlobalSection(ExtensibilityGlobals) = postSolution
		SolutionGuid = {DB09DE08-0A57-4673-BE59-C612793CAA95}
	EndGlobalSection
EndGlobal
